
Microsoft Visual Studio Solution File, Format Version 12.00
# Visual Studio 15
VisualStudioVersion = 15.0.28307.421
MinimumVisualStudioVersion = 10.0.40219.1
Project("{FAE04EC0-301F-11D3-BF4B-00C04F79EFBC}") = "01. Catapult Attack", "01. Catapult Attack\01. Catapult Attack.csproj", "{6E6CD5D2-5B96-4B63-A35D-5BE5D732B4DD}"
EndProject
Project("{FAE04EC0-301F-11D3-BF4B-00C04F79EFBC}") = "Throne Conquering", "Throne Conquering\Throne Conquering.csproj", "{120E14D7-0700-4E9E-920E-BEC255556B16}"
EndProject
Project("{FAE04EC0-301F-11D3-BF4B-00C04F79EFBC}") = "Travel Map", "Travel Map\Travel Map.csproj", "{271DF59D-8905-4BFA-AB8B-D955BB8A304D}"
EndProject
Global
	GlobalSection(SolutionConfigurationPlatforms) = preSolution
		Debug|Any CPU = Debug|Any CPU
		Release|Any CPU = Release|Any CPU
	EndGlobalSection
	GlobalSection(ProjectConfigurationPlatforms) = postSolution
		{6E6CD5D2-5B96-4B63-A35D-5BE5D732B4DD}.Debug|Any CPU.ActiveCfg = Debug|Any CPU
		{6E6CD5D2-5B96-4B63-A35D-5BE5D732B4DD}.Debug|Any CPU.Build.0 = Debug|Any CPU
		{6E6CD5D2-5B96-4B63-A35D-5BE5D732B4DD}.Release|Any CPU.ActiveCfg = Release|Any CPU
		{6E6CD5D2-5B96-4B63-A35D-5BE5D732B4DD}.Release|Any CPU.Build.0 = Release|Any CPU
		{120E14D7-0700-4E9E-920E-BEC255556B16}.Debug|Any CPU.ActiveCfg = Debug|Any CPU
		{120E14D7-0700-4E9E-920E-BEC255556B16}.Debug|Any CPU.Build.0 = Debug|Any CPU
		{120E14D7-0700-4E9E-920E-BEC255556B16}.Release|Any CPU.ActiveCfg = Release|Any CPU
		{120E14D7-0700-4E9E-920E-BEC255556B16}.Release|Any CPU.Build.0 = Release|Any CPU
		{271DF59D-8905-4BFA-AB8B-D955BB8A304D}.Debug|Any CPU.ActiveCfg = Debug|Any CPU
		{271DF59D-8905-4BFA-AB8B-D955BB8A304D}.Debug|Any CPU.Build.0 = Debug|Any CPU
		{271DF59D-8905-4BFA-AB8B-D955BB8A304D}.Release|Any CPU.ActiveCfg = Release|Any CPU
		{271DF59D-8905-4BFA-AB8B-D955BB8A304D}.Release|Any CPU.Build.0 = Release|Any CPU
	EndGlobalSection
	GlobalSection(SolutionProperties) = preSolution
		HideSolutionNode = FALSE
	EndGlobalSection
	GlobalSection(ExtensibilityGlobals) = postSolution
		SolutionGuid = {3F3C1208-2DB4-4973-B813-DA7DABEC3A36}
	EndGlobalSection
EndGlobal
