
Microsoft Visual Studio Solution File, Format Version 12.00
# Visual Studio 15
VisualStudioVersion = 15.0.28307.421
MinimumVisualStudioVersion = 10.0.40219.1
Project("{FAE04EC0-301F-11D3-BF4B-00C04F79EFBC}") = "01. Integer Operations", "01. Integer Operations\01. Integer Operations.csproj", "{EC5DE404-2931-46B7-8969-F3B50CE091CF}"
EndProject
Global
	GlobalSection(SolutionConfigurationPlatforms) = preSolution
		Debug|Any CPU = Debug|Any CPU
		Release|Any CPU = Release|Any CPU
	EndGlobalSection
	GlobalSection(ProjectConfigurationPlatforms) = postSolution
		{EC5DE404-2931-46B7-8969-F3B50CE091CF}.Debug|Any CPU.ActiveCfg = Debug|Any CPU
		{EC5DE404-2931-46B7-8969-F3B50CE091CF}.Debug|Any CPU.Build.0 = Debug|Any CPU
		{EC5DE404-2931-46B7-8969-F3B50CE091CF}.Release|Any CPU.ActiveCfg = Release|Any CPU
		{EC5DE404-2931-46B7-8969-F3B50CE091CF}.Release|Any CPU.Build.0 = Release|Any CPU
	EndGlobalSection
	GlobalSection(SolutionProperties) = preSolution
		HideSolutionNode = FALSE
	EndGlobalSection
	GlobalSection(ExtensibilityGlobals) = postSolution
		SolutionGuid = {80BF9E89-2F19-4336-91E8-A25F01549B62}
	EndGlobalSection
EndGlobal
