
Microsoft Visual Studio Solution File, Format Version 12.00
# Visual Studio 15
VisualStudioVersion = 15.0.28307.421
MinimumVisualStudioVersion = 10.0.40219.1
Project("{FAE04EC0-301F-11D3-BF4B-00C04F79EFBC}") = "Problem 1. Cooking Masterclass", "Problem 1. Cooking Masterclass\Problem 1. Cooking Masterclass.csproj", "{3309E7DE-4DA1-40CF-A4B3-FA0B08D7AFEE}"
EndProject
Project("{FAE04EC0-301F-11D3-BF4B-00C04F79EFBC}") = "02. Bread Factory", "02. Bread Factory\02. Bread Factory.csproj", "{3CB85640-88F6-43F7-9757-80DF67537C80}"
EndProject
Project("{FAE04EC0-301F-11D3-BF4B-00C04F79EFBC}") = "Problem 3. Cooking Factory", "Problem 3. Cooking Factory\Problem 3. Cooking Factory.csproj", "{5D6C8D2C-212F-4B25-8CE5-3779D7642BBB}"
EndProject
Global
	GlobalSection(SolutionConfigurationPlatforms) = preSolution
		Debug|Any CPU = Debug|Any CPU
		Release|Any CPU = Release|Any CPU
	EndGlobalSection
	GlobalSection(ProjectConfigurationPlatforms) = postSolution
		{3309E7DE-4DA1-40CF-A4B3-FA0B08D7AFEE}.Debug|Any CPU.ActiveCfg = Debug|Any CPU
		{3309E7DE-4DA1-40CF-A4B3-FA0B08D7AFEE}.Debug|Any CPU.Build.0 = Debug|Any CPU
		{3309E7DE-4DA1-40CF-A4B3-FA0B08D7AFEE}.Release|Any CPU.ActiveCfg = Release|Any CPU
		{3309E7DE-4DA1-40CF-A4B3-FA0B08D7AFEE}.Release|Any CPU.Build.0 = Release|Any CPU
		{3CB85640-88F6-43F7-9757-80DF67537C80}.Debug|Any CPU.ActiveCfg = Debug|Any CPU
		{3CB85640-88F6-43F7-9757-80DF67537C80}.Debug|Any CPU.Build.0 = Debug|Any CPU
		{3CB85640-88F6-43F7-9757-80DF67537C80}.Release|Any CPU.ActiveCfg = Release|Any CPU
		{3CB85640-88F6-43F7-9757-80DF67537C80}.Release|Any CPU.Build.0 = Release|Any CPU
		{5D6C8D2C-212F-4B25-8CE5-3779D7642BBB}.Debug|Any CPU.ActiveCfg = Debug|Any CPU
		{5D6C8D2C-212F-4B25-8CE5-3779D7642BBB}.Debug|Any CPU.Build.0 = Debug|Any CPU
		{5D6C8D2C-212F-4B25-8CE5-3779D7642BBB}.Release|Any CPU.ActiveCfg = Release|Any CPU
		{5D6C8D2C-212F-4B25-8CE5-3779D7642BBB}.Release|Any CPU.Build.0 = Release|Any CPU
	EndGlobalSection
	GlobalSection(SolutionProperties) = preSolution
		HideSolutionNode = FALSE
	EndGlobalSection
	GlobalSection(ExtensibilityGlobals) = postSolution
		SolutionGuid = {56E01FDA-4433-42DD-BD20-66968830407D}
	EndGlobalSection
EndGlobal
