
Microsoft Visual Studio Solution File, Format Version 12.00
# Visual Studio 15
VisualStudioVersion = 15.0.28307.421
MinimumVisualStudioVersion = 10.0.40219.1
Project("{FAE04EC0-301F-11D3-BF4B-00C04F79EFBC}") = "01. Numbers", "01. Numbers\01. Numbers.csproj", "{A7C8E0EB-4192-408D-9BE5-55C436BD4084}"
EndProject
Project("{FAE04EC0-301F-11D3-BF4B-00C04F79EFBC}") = "02. Softuni Coffee Orders", "02. Softuni Coffee Orders\02. Softuni Coffee Orders.csproj", "{36775087-F1D3-4037-8570-D47DFFA7ADC9}"
EndProject
Global
	GlobalSection(SolutionConfigurationPlatforms) = preSolution
		Debug|Any CPU = Debug|Any CPU
		Release|Any CPU = Release|Any CPU
	EndGlobalSection
	GlobalSection(ProjectConfigurationPlatforms) = postSolution
		{A7C8E0EB-4192-408D-9BE5-55C436BD4084}.Debug|Any CPU.ActiveCfg = Debug|Any CPU
		{A7C8E0EB-4192-408D-9BE5-55C436BD4084}.Debug|Any CPU.Build.0 = Debug|Any CPU
		{A7C8E0EB-4192-408D-9BE5-55C436BD4084}.Release|Any CPU.ActiveCfg = Release|Any CPU
		{A7C8E0EB-4192-408D-9BE5-55C436BD4084}.Release|Any CPU.Build.0 = Release|Any CPU
		{36775087-F1D3-4037-8570-D47DFFA7ADC9}.Debug|Any CPU.ActiveCfg = Debug|Any CPU
		{36775087-F1D3-4037-8570-D47DFFA7ADC9}.Debug|Any CPU.Build.0 = Debug|Any CPU
		{36775087-F1D3-4037-8570-D47DFFA7ADC9}.Release|Any CPU.ActiveCfg = Release|Any CPU
		{36775087-F1D3-4037-8570-D47DFFA7ADC9}.Release|Any CPU.Build.0 = Release|Any CPU
	EndGlobalSection
	GlobalSection(SolutionProperties) = preSolution
		HideSolutionNode = FALSE
	EndGlobalSection
	GlobalSection(ExtensibilityGlobals) = postSolution
		SolutionGuid = {4D06CAD8-2E36-44B9-A1BC-9F3FA7508CF8}
	EndGlobalSection
EndGlobal
