
Microsoft Visual Studio Solution File, Format Version 12.00
# Visual Studio 15
VisualStudioVersion = 15.0.28307.421
MinimumVisualStudioVersion = 10.0.40219.1
Project("{FAE04EC0-301F-11D3-BF4B-00C04F79EFBC}") = "003. Gaming Store", "003. Gaming Store\003. Gaming Store.csproj", "{7CFD911A-1C7A-4EEB-BC99-78FAA6779D42}"
EndProject
Global
	GlobalSection(SolutionConfigurationPlatforms) = preSolution
		Debug|Any CPU = Debug|Any CPU
		Release|Any CPU = Release|Any CPU
	EndGlobalSection
	GlobalSection(ProjectConfigurationPlatforms) = postSolution
		{7CFD911A-1C7A-4EEB-BC99-78FAA6779D42}.Debug|Any CPU.ActiveCfg = Debug|Any CPU
		{7CFD911A-1C7A-4EEB-BC99-78FAA6779D42}.Debug|Any CPU.Build.0 = Debug|Any CPU
		{7CFD911A-1C7A-4EEB-BC99-78FAA6779D42}.Release|Any CPU.ActiveCfg = Release|Any CPU
		{7CFD911A-1C7A-4EEB-BC99-78FAA6779D42}.Release|Any CPU.Build.0 = Release|Any CPU
	EndGlobalSection
	GlobalSection(SolutionProperties) = preSolution
		HideSolutionNode = FALSE
	EndGlobalSection
	GlobalSection(ExtensibilityGlobals) = postSolution
		SolutionGuid = {20AC1BCB-8986-4C89-9E7C-D541BB93CED2}
	EndGlobalSection
EndGlobal
