
Microsoft Visual Studio Solution File, Format Version 12.00
# Visual Studio 15
VisualStudioVersion = 15.0.28307.421
MinimumVisualStudioVersion = 10.0.40219.1
Project("{FAE04EC0-301F-11D3-BF4B-00C04F79EFBC}") = "01. Count Same Values in Array", "01. Count Same Values in Array\01. Count Same Values in Array.csproj", "{D5FE377F-05B1-47F7-846E-520346582398}"
EndProject
Project("{FAE04EC0-301F-11D3-BF4B-00C04F79EFBC}") = "02. Average Student Grades", "02. Average Student Grades\02. Average Student Grades.csproj", "{1AC978DA-1161-4BF0-B474-CB6CD9030D5E}"
EndProject
Project("{FAE04EC0-301F-11D3-BF4B-00C04F79EFBC}") = "003. Product Shop", "003. Product Shop\003. Product Shop.csproj", "{0F442FF7-3B40-4791-9487-0700D725BBED}"
EndProject
Project("{FAE04EC0-301F-11D3-BF4B-00C04F79EFBC}") = "04. Cities by Continent and Country", "04. Cities by Continent and Country\04. Cities by Continent and Country.csproj", "{35B77F80-D0B7-4AC2-AB97-E14BC6CFCBBC}"
EndProject
Project("{FAE04EC0-301F-11D3-BF4B-00C04F79EFBC}") = "05. Record Unique Names", "05. Record Unique Names\05. Record Unique Names.csproj", "{2A7D6375-17F0-42D8-AEA3-B9A74296D5F1}"
EndProject
Project("{FAE04EC0-301F-11D3-BF4B-00C04F79EFBC}") = "06. Parking Lot", "06. Parking Lot\06. Parking Lot.csproj", "{DDBB72BD-E086-446E-99F3-A2B100A68DB3}"
EndProject
Project("{FAE04EC0-301F-11D3-BF4B-00C04F79EFBC}") = "07. SoftUni Party", "07. SoftUni Party\07. SoftUni Party.csproj", "{40DC6B44-4511-4F51-819D-D29F72D65294}"
EndProject
Global
	GlobalSection(SolutionConfigurationPlatforms) = preSolution
		Debug|Any CPU = Debug|Any CPU
		Release|Any CPU = Release|Any CPU
	EndGlobalSection
	GlobalSection(ProjectConfigurationPlatforms) = postSolution
		{D5FE377F-05B1-47F7-846E-520346582398}.Debug|Any CPU.ActiveCfg = Debug|Any CPU
		{D5FE377F-05B1-47F7-846E-520346582398}.Debug|Any CPU.Build.0 = Debug|Any CPU
		{D5FE377F-05B1-47F7-846E-520346582398}.Release|Any CPU.ActiveCfg = Release|Any CPU
		{D5FE377F-05B1-47F7-846E-520346582398}.Release|Any CPU.Build.0 = Release|Any CPU
		{1AC978DA-1161-4BF0-B474-CB6CD9030D5E}.Debug|Any CPU.ActiveCfg = Debug|Any CPU
		{1AC978DA-1161-4BF0-B474-CB6CD9030D5E}.Debug|Any CPU.Build.0 = Debug|Any CPU
		{1AC978DA-1161-4BF0-B474-CB6CD9030D5E}.Release|Any CPU.ActiveCfg = Release|Any CPU
		{1AC978DA-1161-4BF0-B474-CB6CD9030D5E}.Release|Any CPU.Build.0 = Release|Any CPU
		{0F442FF7-3B40-4791-9487-0700D725BBED}.Debug|Any CPU.ActiveCfg = Debug|Any CPU
		{0F442FF7-3B40-4791-9487-0700D725BBED}.Debug|Any CPU.Build.0 = Debug|Any CPU
		{0F442FF7-3B40-4791-9487-0700D725BBED}.Release|Any CPU.ActiveCfg = Release|Any CPU
		{0F442FF7-3B40-4791-9487-0700D725BBED}.Release|Any CPU.Build.0 = Release|Any CPU
		{35B77F80-D0B7-4AC2-AB97-E14BC6CFCBBC}.Debug|Any CPU.ActiveCfg = Debug|Any CPU
		{35B77F80-D0B7-4AC2-AB97-E14BC6CFCBBC}.Debug|Any CPU.Build.0 = Debug|Any CPU
		{35B77F80-D0B7-4AC2-AB97-E14BC6CFCBBC}.Release|Any CPU.ActiveCfg = Release|Any CPU
		{35B77F80-D0B7-4AC2-AB97-E14BC6CFCBBC}.Release|Any CPU.Build.0 = Release|Any CPU
		{2A7D6375-17F0-42D8-AEA3-B9A74296D5F1}.Debug|Any CPU.ActiveCfg = Debug|Any CPU
		{2A7D6375-17F0-42D8-AEA3-B9A74296D5F1}.Debug|Any CPU.Build.0 = Debug|Any CPU
		{2A7D6375-17F0-42D8-AEA3-B9A74296D5F1}.Release|Any CPU.ActiveCfg = Release|Any CPU
		{2A7D6375-17F0-42D8-AEA3-B9A74296D5F1}.Release|Any CPU.Build.0 = Release|Any CPU
		{DDBB72BD-E086-446E-99F3-A2B100A68DB3}.Debug|Any CPU.ActiveCfg = Debug|Any CPU
		{DDBB72BD-E086-446E-99F3-A2B100A68DB3}.Debug|Any CPU.Build.0 = Debug|Any CPU
		{DDBB72BD-E086-446E-99F3-A2B100A68DB3}.Release|Any CPU.ActiveCfg = Release|Any CPU
		{DDBB72BD-E086-446E-99F3-A2B100A68DB3}.Release|Any CPU.Build.0 = Release|Any CPU
		{40DC6B44-4511-4F51-819D-D29F72D65294}.Debug|Any CPU.ActiveCfg = Debug|Any CPU
		{40DC6B44-4511-4F51-819D-D29F72D65294}.Debug|Any CPU.Build.0 = Debug|Any CPU
		{40DC6B44-4511-4F51-819D-D29F72D65294}.Release|Any CPU.ActiveCfg = Release|Any CPU
		{40DC6B44-4511-4F51-819D-D29F72D65294}.Release|Any CPU.Build.0 = Release|Any CPU
	EndGlobalSection
	GlobalSection(SolutionProperties) = preSolution
		HideSolutionNode = FALSE
	EndGlobalSection
	GlobalSection(ExtensibilityGlobals) = postSolution
		SolutionGuid = {85346897-581F-476F-85D9-805A9A93385A}
	EndGlobalSection
EndGlobal
