
Microsoft Visual Studio Solution File, Format Version 12.00
# Visual Studio 15
VisualStudioVersion = 15.0.28307.421
MinimumVisualStudioVersion = 10.0.40219.1
Project("{FAE04EC0-301F-11D3-BF4B-00C04F79EFBC}") = "09. Chars to String", "09. Chars to String\09. Chars to String.csproj", "{B99829CA-AF53-4951-94F8-C2A8565CAE4F}"
EndProject
Global
	GlobalSection(SolutionConfigurationPlatforms) = preSolution
		Debug|Any CPU = Debug|Any CPU
		Release|Any CPU = Release|Any CPU
	EndGlobalSection
	GlobalSection(ProjectConfigurationPlatforms) = postSolution
		{B99829CA-AF53-4951-94F8-C2A8565CAE4F}.Debug|Any CPU.ActiveCfg = Debug|Any CPU
		{B99829CA-AF53-4951-94F8-C2A8565CAE4F}.Debug|Any CPU.Build.0 = Debug|Any CPU
		{B99829CA-AF53-4951-94F8-C2A8565CAE4F}.Release|Any CPU.ActiveCfg = Release|Any CPU
		{B99829CA-AF53-4951-94F8-C2A8565CAE4F}.Release|Any CPU.Build.0 = Release|Any CPU
	EndGlobalSection
	GlobalSection(SolutionProperties) = preSolution
		HideSolutionNode = FALSE
	EndGlobalSection
	GlobalSection(ExtensibilityGlobals) = postSolution
		SolutionGuid = {24EA6620-E646-4D54-BE7A-F8E8C795C24F}
	EndGlobalSection
EndGlobal
