
Microsoft Visual Studio Solution File, Format Version 12.00
# Visual Studio 15
VisualStudioVersion = 15.0.28307.421
MinimumVisualStudioVersion = 10.0.40219.1
Project("{FAE04EC0-301F-11D3-BF4B-00C04F79EFBC}") = "01. Sort Even Numbers", "01. Sort Even Numbers\01. Sort Even Numbers.csproj", "{B9A9433D-1C2E-46B4-A3EB-B609D173C081}"
EndProject
Project("{FAE04EC0-301F-11D3-BF4B-00C04F79EFBC}") = "02. Sum Numbers", "02. Sum Numbers\02. Sum Numbers.csproj", "{72650A18-5221-4122-B9C3-F05D9C1B2565}"
EndProject
Project("{FAE04EC0-301F-11D3-BF4B-00C04F79EFBC}") = "03. Count Uppercase Words", "03. Count Uppercase Words\03. Count Uppercase Words.csproj", "{50DE65B4-1C06-42BC-91CF-9E9491B8E5EB}"
EndProject
Project("{FAE04EC0-301F-11D3-BF4B-00C04F79EFBC}") = "04. Add VAT", "04. Add VAT\04. Add VAT.csproj", "{329F8D1E-8C2F-43CD-82EA-C3FBFE08B508}"
EndProject
Project("{FAE04EC0-301F-11D3-BF4B-00C04F79EFBC}") = "05. Filter by Age", "05. Filter by Age\05. Filter by Age.csproj", "{94265116-9B17-4A59-A197-C9188282C240}"
EndProject
Global
	GlobalSection(SolutionConfigurationPlatforms) = preSolution
		Debug|Any CPU = Debug|Any CPU
		Release|Any CPU = Release|Any CPU
	EndGlobalSection
	GlobalSection(ProjectConfigurationPlatforms) = postSolution
		{B9A9433D-1C2E-46B4-A3EB-B609D173C081}.Debug|Any CPU.ActiveCfg = Debug|Any CPU
		{B9A9433D-1C2E-46B4-A3EB-B609D173C081}.Debug|Any CPU.Build.0 = Debug|Any CPU
		{B9A9433D-1C2E-46B4-A3EB-B609D173C081}.Release|Any CPU.ActiveCfg = Release|Any CPU
		{B9A9433D-1C2E-46B4-A3EB-B609D173C081}.Release|Any CPU.Build.0 = Release|Any CPU
		{72650A18-5221-4122-B9C3-F05D9C1B2565}.Debug|Any CPU.ActiveCfg = Debug|Any CPU
		{72650A18-5221-4122-B9C3-F05D9C1B2565}.Debug|Any CPU.Build.0 = Debug|Any CPU
		{72650A18-5221-4122-B9C3-F05D9C1B2565}.Release|Any CPU.ActiveCfg = Release|Any CPU
		{72650A18-5221-4122-B9C3-F05D9C1B2565}.Release|Any CPU.Build.0 = Release|Any CPU
		{50DE65B4-1C06-42BC-91CF-9E9491B8E5EB}.Debug|Any CPU.ActiveCfg = Debug|Any CPU
		{50DE65B4-1C06-42BC-91CF-9E9491B8E5EB}.Debug|Any CPU.Build.0 = Debug|Any CPU
		{50DE65B4-1C06-42BC-91CF-9E9491B8E5EB}.Release|Any CPU.ActiveCfg = Release|Any CPU
		{50DE65B4-1C06-42BC-91CF-9E9491B8E5EB}.Release|Any CPU.Build.0 = Release|Any CPU
		{329F8D1E-8C2F-43CD-82EA-C3FBFE08B508}.Debug|Any CPU.ActiveCfg = Debug|Any CPU
		{329F8D1E-8C2F-43CD-82EA-C3FBFE08B508}.Debug|Any CPU.Build.0 = Debug|Any CPU
		{329F8D1E-8C2F-43CD-82EA-C3FBFE08B508}.Release|Any CPU.ActiveCfg = Release|Any CPU
		{329F8D1E-8C2F-43CD-82EA-C3FBFE08B508}.Release|Any CPU.Build.0 = Release|Any CPU
		{94265116-9B17-4A59-A197-C9188282C240}.Debug|Any CPU.ActiveCfg = Debug|Any CPU
		{94265116-9B17-4A59-A197-C9188282C240}.Debug|Any CPU.Build.0 = Debug|Any CPU
		{94265116-9B17-4A59-A197-C9188282C240}.Release|Any CPU.ActiveCfg = Release|Any CPU
		{94265116-9B17-4A59-A197-C9188282C240}.Release|Any CPU.Build.0 = Release|Any CPU
	EndGlobalSection
	GlobalSection(SolutionProperties) = preSolution
		HideSolutionNode = FALSE
	EndGlobalSection
	GlobalSection(ExtensibilityGlobals) = postSolution
		SolutionGuid = {2FB14DFF-08DA-455F-800E-065EF74AE0EA}
	EndGlobalSection
EndGlobal
