
Microsoft Visual Studio Solution File, Format Version 12.00
# Visual Studio 15
VisualStudioVersion = 15.0.28307.421
MinimumVisualStudioVersion = 10.0.40219.1
Project("{FAE04EC0-301F-11D3-BF4B-00C04F79EFBC}") = "PersonsInfo", "PersonsInfo\PersonsInfo.csproj", "{BBD06A75-4B7B-4D22-8C7A-13B9A2552162}"
EndProject
Project("{FAE04EC0-301F-11D3-BF4B-00C04F79EFBC}") = "ClassBoxData", "ClassBoxData\ClassBoxData.csproj", "{8AC8E406-96EA-4DAB-91F9-FBBF421C5679}"
EndProject
Project("{FAE04EC0-301F-11D3-BF4B-00C04F79EFBC}") = "ShoppingSpree", "ShoppingSpree\ShoppingSpree.csproj", "{1B930964-96B7-4186-99AD-79FD3E25CC79}"
EndProject
Project("{FAE04EC0-301F-11D3-BF4B-00C04F79EFBC}") = "PizzaCalories", "PizzaCalories\PizzaCalories.csproj", "{79427395-6391-4D4A-9DE6-1FED1230096A}"
EndProject
Project("{FAE04EC0-301F-11D3-BF4B-00C04F79EFBC}") = "FootballTeam", "FootballTeam\FootballTeam.csproj", "{3723D417-2D6E-44E7-AED2-7682165F5064}"
EndProject
Global
	GlobalSection(SolutionConfigurationPlatforms) = preSolution
		Debug|Any CPU = Debug|Any CPU
		Release|Any CPU = Release|Any CPU
	EndGlobalSection
	GlobalSection(ProjectConfigurationPlatforms) = postSolution
		{BBD06A75-4B7B-4D22-8C7A-13B9A2552162}.Debug|Any CPU.ActiveCfg = Debug|Any CPU
		{BBD06A75-4B7B-4D22-8C7A-13B9A2552162}.Debug|Any CPU.Build.0 = Debug|Any CPU
		{BBD06A75-4B7B-4D22-8C7A-13B9A2552162}.Release|Any CPU.ActiveCfg = Release|Any CPU
		{BBD06A75-4B7B-4D22-8C7A-13B9A2552162}.Release|Any CPU.Build.0 = Release|Any CPU
		{8AC8E406-96EA-4DAB-91F9-FBBF421C5679}.Debug|Any CPU.ActiveCfg = Debug|Any CPU
		{8AC8E406-96EA-4DAB-91F9-FBBF421C5679}.Debug|Any CPU.Build.0 = Debug|Any CPU
		{8AC8E406-96EA-4DAB-91F9-FBBF421C5679}.Release|Any CPU.ActiveCfg = Release|Any CPU
		{8AC8E406-96EA-4DAB-91F9-FBBF421C5679}.Release|Any CPU.Build.0 = Release|Any CPU
		{1B930964-96B7-4186-99AD-79FD3E25CC79}.Debug|Any CPU.ActiveCfg = Debug|Any CPU
		{1B930964-96B7-4186-99AD-79FD3E25CC79}.Debug|Any CPU.Build.0 = Debug|Any CPU
		{1B930964-96B7-4186-99AD-79FD3E25CC79}.Release|Any CPU.ActiveCfg = Release|Any CPU
		{1B930964-96B7-4186-99AD-79FD3E25CC79}.Release|Any CPU.Build.0 = Release|Any CPU
		{79427395-6391-4D4A-9DE6-1FED1230096A}.Debug|Any CPU.ActiveCfg = Debug|Any CPU
		{79427395-6391-4D4A-9DE6-1FED1230096A}.Debug|Any CPU.Build.0 = Debug|Any CPU
		{79427395-6391-4D4A-9DE6-1FED1230096A}.Release|Any CPU.ActiveCfg = Release|Any CPU
		{79427395-6391-4D4A-9DE6-1FED1230096A}.Release|Any CPU.Build.0 = Release|Any CPU
		{3723D417-2D6E-44E7-AED2-7682165F5064}.Debug|Any CPU.ActiveCfg = Debug|Any CPU
		{3723D417-2D6E-44E7-AED2-7682165F5064}.Debug|Any CPU.Build.0 = Debug|Any CPU
		{3723D417-2D6E-44E7-AED2-7682165F5064}.Release|Any CPU.ActiveCfg = Release|Any CPU
		{3723D417-2D6E-44E7-AED2-7682165F5064}.Release|Any CPU.Build.0 = Release|Any CPU
	EndGlobalSection
	GlobalSection(SolutionProperties) = preSolution
		HideSolutionNode = FALSE
	EndGlobalSection
	GlobalSection(ExtensibilityGlobals) = postSolution
		SolutionGuid = {4C7565AB-277E-4C51-B5B3-900E2148AAD6}
	EndGlobalSection
EndGlobal
