
Microsoft Visual Studio Solution File, Format Version 12.00
# Visual Studio 15
VisualStudioVersion = 15.0.28307.421
MinimumVisualStudioVersion = 10.0.40219.1
Project("{FAE04EC0-301F-11D3-BF4B-00C04F79EFBC}") = "10. Lower or Upper", "10. Lower or Upper\10. Lower or Upper.csproj", "{88732054-998B-4747-AF64-33029EC99225}"
EndProject
Global
	GlobalSection(SolutionConfigurationPlatforms) = preSolution
		Debug|Any CPU = Debug|Any CPU
		Release|Any CPU = Release|Any CPU
	EndGlobalSection
	GlobalSection(ProjectConfigurationPlatforms) = postSolution
		{88732054-998B-4747-AF64-33029EC99225}.Debug|Any CPU.ActiveCfg = Debug|Any CPU
		{88732054-998B-4747-AF64-33029EC99225}.Debug|Any CPU.Build.0 = Debug|Any CPU
		{88732054-998B-4747-AF64-33029EC99225}.Release|Any CPU.ActiveCfg = Release|Any CPU
		{88732054-998B-4747-AF64-33029EC99225}.Release|Any CPU.Build.0 = Release|Any CPU
	EndGlobalSection
	GlobalSection(SolutionProperties) = preSolution
		HideSolutionNode = FALSE
	EndGlobalSection
	GlobalSection(ExtensibilityGlobals) = postSolution
		SolutionGuid = {FCA9971B-6D54-4FD5-BA2E-8C9794E8C205}
	EndGlobalSection
EndGlobal
