
Microsoft Visual Studio Solution File, Format Version 12.00
# Visual Studio 15
VisualStudioVersion = 15.0.28307.421
MinimumVisualStudioVersion = 10.0.40219.1
Project("{FAE04EC0-301F-11D3-BF4B-00C04F79EFBC}") = "Sport Cards", "Sport Cards\Sport Cards.csproj", "{0ACD33ED-33BD-458C-ABD9-EBFB1B2F8450}"
EndProject
Project("{FAE04EC0-301F-11D3-BF4B-00C04F79EFBC}") = "The Kitchen", "The Kitchen\The Kitchen.csproj", "{DC80DDAE-A9DB-43F2-8E71-E216A0ABE163}"
EndProject
Project("{FAE04EC0-301F-11D3-BF4B-00C04F79EFBC}") = "Bombs", "Bombs\Bombs.csproj", "{DA182F08-E788-4013-BDD8-83E82E9A685C}"
EndProject
Global
	GlobalSection(SolutionConfigurationPlatforms) = preSolution
		Debug|Any CPU = Debug|Any CPU
		Release|Any CPU = Release|Any CPU
	EndGlobalSection
	GlobalSection(ProjectConfigurationPlatforms) = postSolution
		{0ACD33ED-33BD-458C-ABD9-EBFB1B2F8450}.Debug|Any CPU.ActiveCfg = Debug|Any CPU
		{0ACD33ED-33BD-458C-ABD9-EBFB1B2F8450}.Debug|Any CPU.Build.0 = Debug|Any CPU
		{0ACD33ED-33BD-458C-ABD9-EBFB1B2F8450}.Release|Any CPU.ActiveCfg = Release|Any CPU
		{0ACD33ED-33BD-458C-ABD9-EBFB1B2F8450}.Release|Any CPU.Build.0 = Release|Any CPU
		{DC80DDAE-A9DB-43F2-8E71-E216A0ABE163}.Debug|Any CPU.ActiveCfg = Debug|Any CPU
		{DC80DDAE-A9DB-43F2-8E71-E216A0ABE163}.Debug|Any CPU.Build.0 = Debug|Any CPU
		{DC80DDAE-A9DB-43F2-8E71-E216A0ABE163}.Release|Any CPU.ActiveCfg = Release|Any CPU
		{DC80DDAE-A9DB-43F2-8E71-E216A0ABE163}.Release|Any CPU.Build.0 = Release|Any CPU
		{DA182F08-E788-4013-BDD8-83E82E9A685C}.Debug|Any CPU.ActiveCfg = Debug|Any CPU
		{DA182F08-E788-4013-BDD8-83E82E9A685C}.Debug|Any CPU.Build.0 = Debug|Any CPU
		{DA182F08-E788-4013-BDD8-83E82E9A685C}.Release|Any CPU.ActiveCfg = Release|Any CPU
		{DA182F08-E788-4013-BDD8-83E82E9A685C}.Release|Any CPU.Build.0 = Release|Any CPU
	EndGlobalSection
	GlobalSection(SolutionProperties) = preSolution
		HideSolutionNode = FALSE
	EndGlobalSection
	GlobalSection(ExtensibilityGlobals) = postSolution
		SolutionGuid = {99E6532A-E637-47D5-9F61-E8CCE85E408D}
	EndGlobalSection
EndGlobal
