
Microsoft Visual Studio Solution File, Format Version 12.00
# Visual Studio 15
VisualStudioVersion = 15.0.28307.421
MinimumVisualStudioVersion = 10.0.40219.1
Project("{FAE04EC0-301F-11D3-BF4B-00C04F79EFBC}") = "06. Reversed Chars", "06. Reversed Chars\06. Reversed Chars.csproj", "{9CD1BE75-A111-4D7F-87CC-56E33F4FBC06}"
EndProject
Global
	GlobalSection(SolutionConfigurationPlatforms) = preSolution
		Debug|Any CPU = Debug|Any CPU
		Release|Any CPU = Release|Any CPU
	EndGlobalSection
	GlobalSection(ProjectConfigurationPlatforms) = postSolution
		{9CD1BE75-A111-4D7F-87CC-56E33F4FBC06}.Debug|Any CPU.ActiveCfg = Debug|Any CPU
		{9CD1BE75-A111-4D7F-87CC-56E33F4FBC06}.Debug|Any CPU.Build.0 = Debug|Any CPU
		{9CD1BE75-A111-4D7F-87CC-56E33F4FBC06}.Release|Any CPU.ActiveCfg = Release|Any CPU
		{9CD1BE75-A111-4D7F-87CC-56E33F4FBC06}.Release|Any CPU.Build.0 = Release|Any CPU
	EndGlobalSection
	GlobalSection(SolutionProperties) = preSolution
		HideSolutionNode = FALSE
	EndGlobalSection
	GlobalSection(ExtensibilityGlobals) = postSolution
		SolutionGuid = {3F352AE1-DC6B-4950-BA0A-C26BEFA1F53B}
	EndGlobalSection
EndGlobal
