
Microsoft Visual Studio Solution File, Format Version 12.00
# Visual Studio 15
VisualStudioVersion = 15.0.28307.421
MinimumVisualStudioVersion = 10.0.40219.1
Project("{FAE04EC0-301F-11D3-BF4B-00C04F79EFBC}") = "03. Easter Shopping", "03. Easter Shopping\03. Easter Shopping.csproj", "{19C375E9-DFC3-4291-A993-A99E7E60C1A2}"
EndProject
Project("{FAE04EC0-301F-11D3-BF4B-00C04F79EFBC}") = "02. Easter Gifs", "02. Easter Gifs\02. Easter Gifs.csproj", "{9C654B62-DF5E-43BF-97C5-8E9A33479ED8}"
EndProject
Project("{FAE04EC0-301F-11D3-BF4B-00C04F79EFBC}") = "01. Easter Cozonacs", "01. Easter Cozonacs\01. Easter Cozonacs.csproj", "{B459838E-945C-43DE-ABA5-A7AE02EB34FE}"
EndProject
Global
	GlobalSection(SolutionConfigurationPlatforms) = preSolution
		Debug|Any CPU = Debug|Any CPU
		Release|Any CPU = Release|Any CPU
	EndGlobalSection
	GlobalSection(ProjectConfigurationPlatforms) = postSolution
		{19C375E9-DFC3-4291-A993-A99E7E60C1A2}.Debug|Any CPU.ActiveCfg = Debug|Any CPU
		{19C375E9-DFC3-4291-A993-A99E7E60C1A2}.Debug|Any CPU.Build.0 = Debug|Any CPU
		{19C375E9-DFC3-4291-A993-A99E7E60C1A2}.Release|Any CPU.ActiveCfg = Release|Any CPU
		{19C375E9-DFC3-4291-A993-A99E7E60C1A2}.Release|Any CPU.Build.0 = Release|Any CPU
		{9C654B62-DF5E-43BF-97C5-8E9A33479ED8}.Debug|Any CPU.ActiveCfg = Debug|Any CPU
		{9C654B62-DF5E-43BF-97C5-8E9A33479ED8}.Debug|Any CPU.Build.0 = Debug|Any CPU
		{9C654B62-DF5E-43BF-97C5-8E9A33479ED8}.Release|Any CPU.ActiveCfg = Release|Any CPU
		{9C654B62-DF5E-43BF-97C5-8E9A33479ED8}.Release|Any CPU.Build.0 = Release|Any CPU
		{B459838E-945C-43DE-ABA5-A7AE02EB34FE}.Debug|Any CPU.ActiveCfg = Debug|Any CPU
		{B459838E-945C-43DE-ABA5-A7AE02EB34FE}.Debug|Any CPU.Build.0 = Debug|Any CPU
		{B459838E-945C-43DE-ABA5-A7AE02EB34FE}.Release|Any CPU.ActiveCfg = Release|Any CPU
		{B459838E-945C-43DE-ABA5-A7AE02EB34FE}.Release|Any CPU.Build.0 = Release|Any CPU
	EndGlobalSection
	GlobalSection(SolutionProperties) = preSolution
		HideSolutionNode = FALSE
	EndGlobalSection
	GlobalSection(ExtensibilityGlobals) = postSolution
		SolutionGuid = {425B7C2E-4FEB-43BA-AFBB-6248F3E97FC3}
	EndGlobalSection
EndGlobal
