
Microsoft Visual Studio Solution File, Format Version 12.00
# Visual Studio 15
VisualStudioVersion = 15.0.28307.421
MinimumVisualStudioVersion = 10.0.40219.1
Project("{9A19103F-16F7-4668-BE54-9A1E7A4F7556}") = "ClubParty", "ClubParty\ClubParty.csproj", "{C0BDA063-BEBB-4B0D-93DE-C8A889680107}"
EndProject
Project("{FAE04EC0-301F-11D3-BF4B-00C04F79EFBC}") = "TronRacers", "TronRacers\TronRacers.csproj", "{C2682255-051C-4944-95AD-D2CC7FFD5971}"
EndProject
Global
	GlobalSection(SolutionConfigurationPlatforms) = preSolution
		Debug|Any CPU = Debug|Any CPU
		Release|Any CPU = Release|Any CPU
	EndGlobalSection
	GlobalSection(ProjectConfigurationPlatforms) = postSolution
		{C0BDA063-BEBB-4B0D-93DE-C8A889680107}.Debug|Any CPU.ActiveCfg = Debug|Any CPU
		{C0BDA063-BEBB-4B0D-93DE-C8A889680107}.Debug|Any CPU.Build.0 = Debug|Any CPU
		{C0BDA063-BEBB-4B0D-93DE-C8A889680107}.Release|Any CPU.ActiveCfg = Release|Any CPU
		{C0BDA063-BEBB-4B0D-93DE-C8A889680107}.Release|Any CPU.Build.0 = Release|Any CPU
		{C2682255-051C-4944-95AD-D2CC7FFD5971}.Debug|Any CPU.ActiveCfg = Debug|Any CPU
		{C2682255-051C-4944-95AD-D2CC7FFD5971}.Debug|Any CPU.Build.0 = Debug|Any CPU
		{C2682255-051C-4944-95AD-D2CC7FFD5971}.Release|Any CPU.ActiveCfg = Release|Any CPU
		{C2682255-051C-4944-95AD-D2CC7FFD5971}.Release|Any CPU.Build.0 = Release|Any CPU
	EndGlobalSection
	GlobalSection(SolutionProperties) = preSolution
		HideSolutionNode = FALSE
	EndGlobalSection
	GlobalSection(ExtensibilityGlobals) = postSolution
		SolutionGuid = {A5597349-9BFD-48A7-90FF-DDA79BE5EFA0}
	EndGlobalSection
EndGlobal
