
Microsoft Visual Studio Solution File, Format Version 12.00
# Visual Studio 15
VisualStudioVersion = 15.0.28307.421
MinimumVisualStudioVersion = 10.0.40219.1
Project("{9A19103F-16F7-4668-BE54-9A1E7A4F7556}") = "Farm", "Farm\Farm.csproj", "{8C3D91EA-1B5A-4F2C-A257-44F876AD6428}"
EndProject
Project("{9A19103F-16F7-4668-BE54-9A1E7A4F7556}") = "CustomRandomList", "CustomRandomList\CustomRandomList.csproj", "{49670BDF-4869-4CA8-BB7A-A11CC3A3674D}"
EndProject
Project("{FAE04EC0-301F-11D3-BF4B-00C04F79EFBC}") = "CustomStack", "StackOfStrings\CustomStack.csproj", "{FA8F70C2-F90B-485E-9F10-02C42D0F6B82}"
EndProject
Global
	GlobalSection(SolutionConfigurationPlatforms) = preSolution
		Debug|Any CPU = Debug|Any CPU
		Release|Any CPU = Release|Any CPU
	EndGlobalSection
	GlobalSection(ProjectConfigurationPlatforms) = postSolution
		{8C3D91EA-1B5A-4F2C-A257-44F876AD6428}.Debug|Any CPU.ActiveCfg = Debug|Any CPU
		{8C3D91EA-1B5A-4F2C-A257-44F876AD6428}.Debug|Any CPU.Build.0 = Debug|Any CPU
		{8C3D91EA-1B5A-4F2C-A257-44F876AD6428}.Release|Any CPU.ActiveCfg = Release|Any CPU
		{8C3D91EA-1B5A-4F2C-A257-44F876AD6428}.Release|Any CPU.Build.0 = Release|Any CPU
		{49670BDF-4869-4CA8-BB7A-A11CC3A3674D}.Debug|Any CPU.ActiveCfg = Debug|Any CPU
		{49670BDF-4869-4CA8-BB7A-A11CC3A3674D}.Debug|Any CPU.Build.0 = Debug|Any CPU
		{49670BDF-4869-4CA8-BB7A-A11CC3A3674D}.Release|Any CPU.ActiveCfg = Release|Any CPU
		{49670BDF-4869-4CA8-BB7A-A11CC3A3674D}.Release|Any CPU.Build.0 = Release|Any CPU
		{FA8F70C2-F90B-485E-9F10-02C42D0F6B82}.Debug|Any CPU.ActiveCfg = Debug|Any CPU
		{FA8F70C2-F90B-485E-9F10-02C42D0F6B82}.Debug|Any CPU.Build.0 = Debug|Any CPU
		{FA8F70C2-F90B-485E-9F10-02C42D0F6B82}.Release|Any CPU.ActiveCfg = Release|Any CPU
		{FA8F70C2-F90B-485E-9F10-02C42D0F6B82}.Release|Any CPU.Build.0 = Release|Any CPU
	EndGlobalSection
	GlobalSection(SolutionProperties) = preSolution
		HideSolutionNode = FALSE
	EndGlobalSection
	GlobalSection(ExtensibilityGlobals) = postSolution
		SolutionGuid = {0EBB1FE5-B623-4CBD-B0CC-D69BBAD4EE5C}
	EndGlobalSection
EndGlobal
