
Microsoft Visual Studio Solution File, Format Version 12.00
# Visual Studio 15
VisualStudioVersion = 15.0.28307.421
MinimumVisualStudioVersion = 10.0.40219.1
Project("{9A19103F-16F7-4668-BE54-9A1E7A4F7556}") = "01. Hornet Wings", "01. Hornet Wings\01. Hornet Wings.csproj", "{A8AC9383-B44A-4FB9-9D31-142AFCDA36FD}"
EndProject
Project("{9A19103F-16F7-4668-BE54-9A1E7A4F7556}") = "02. Hornet Comm", "02. Hornet Comm\02. Hornet Comm.csproj", "{948F5C51-077A-4C60-B0DD-CA7EDD525EEB}"
EndProject
Project("{FAE04EC0-301F-11D3-BF4B-00C04F79EFBC}") = "03. Hornet Assault", "03. Hornet Assault\03. Hornet Assault.csproj", "{34FF7F2A-F921-485F-8C77-63F4647E1694}"
EndProject
Project("{FAE04EC0-301F-11D3-BF4B-00C04F79EFBC}") = "04. Hornet Armada", "04. Hornet Armada\04. Hornet Armada.csproj", "{48EEF345-4E41-4B93-8B1A-7248E3797987}"
EndProject
Global
	GlobalSection(SolutionConfigurationPlatforms) = preSolution
		Debug|Any CPU = Debug|Any CPU
		Release|Any CPU = Release|Any CPU
	EndGlobalSection
	GlobalSection(ProjectConfigurationPlatforms) = postSolution
		{A8AC9383-B44A-4FB9-9D31-142AFCDA36FD}.Debug|Any CPU.ActiveCfg = Debug|Any CPU
		{A8AC9383-B44A-4FB9-9D31-142AFCDA36FD}.Debug|Any CPU.Build.0 = Debug|Any CPU
		{A8AC9383-B44A-4FB9-9D31-142AFCDA36FD}.Release|Any CPU.ActiveCfg = Release|Any CPU
		{A8AC9383-B44A-4FB9-9D31-142AFCDA36FD}.Release|Any CPU.Build.0 = Release|Any CPU
		{948F5C51-077A-4C60-B0DD-CA7EDD525EEB}.Debug|Any CPU.ActiveCfg = Debug|Any CPU
		{948F5C51-077A-4C60-B0DD-CA7EDD525EEB}.Debug|Any CPU.Build.0 = Debug|Any CPU
		{948F5C51-077A-4C60-B0DD-CA7EDD525EEB}.Release|Any CPU.ActiveCfg = Release|Any CPU
		{948F5C51-077A-4C60-B0DD-CA7EDD525EEB}.Release|Any CPU.Build.0 = Release|Any CPU
		{34FF7F2A-F921-485F-8C77-63F4647E1694}.Debug|Any CPU.ActiveCfg = Debug|Any CPU
		{34FF7F2A-F921-485F-8C77-63F4647E1694}.Debug|Any CPU.Build.0 = Debug|Any CPU
		{34FF7F2A-F921-485F-8C77-63F4647E1694}.Release|Any CPU.ActiveCfg = Release|Any CPU
		{34FF7F2A-F921-485F-8C77-63F4647E1694}.Release|Any CPU.Build.0 = Release|Any CPU
		{48EEF345-4E41-4B93-8B1A-7248E3797987}.Debug|Any CPU.ActiveCfg = Debug|Any CPU
		{48EEF345-4E41-4B93-8B1A-7248E3797987}.Debug|Any CPU.Build.0 = Debug|Any CPU
		{48EEF345-4E41-4B93-8B1A-7248E3797987}.Release|Any CPU.ActiveCfg = Release|Any CPU
		{48EEF345-4E41-4B93-8B1A-7248E3797987}.Release|Any CPU.Build.0 = Release|Any CPU
	EndGlobalSection
	GlobalSection(SolutionProperties) = preSolution
		HideSolutionNode = FALSE
	EndGlobalSection
	GlobalSection(ExtensibilityGlobals) = postSolution
		SolutionGuid = {7ADD7C5E-0E7F-4352-BAFD-C7E17BD3A5CB}
	EndGlobalSection
EndGlobal
