
Microsoft Visual Studio Solution File, Format Version 12.00
# Visual Studio 15
VisualStudioVersion = 15.0.28307.421
MinimumVisualStudioVersion = 10.0.40219.1
Project("{FAE04EC0-301F-11D3-BF4B-00C04F79EFBC}") = "01. Vapor Winter Sale", "01. Vapor Winter Sale\01. Vapor Winter Sale.csproj", "{D34F93CA-7645-42E0-B118-653E707D75FD}"
EndProject
Project("{FAE04EC0-301F-11D3-BF4B-00C04F79EFBC}") = "02. Activation Keys", "02. Activation Keys\02. Activation Keys.csproj", "{491E2A53-07CF-4408-ABFD-2EE6960283D5}"
EndProject
Global
	GlobalSection(SolutionConfigurationPlatforms) = preSolution
		Debug|Any CPU = Debug|Any CPU
		Release|Any CPU = Release|Any CPU
	EndGlobalSection
	GlobalSection(ProjectConfigurationPlatforms) = postSolution
		{D34F93CA-7645-42E0-B118-653E707D75FD}.Debug|Any CPU.ActiveCfg = Debug|Any CPU
		{D34F93CA-7645-42E0-B118-653E707D75FD}.Debug|Any CPU.Build.0 = Debug|Any CPU
		{D34F93CA-7645-42E0-B118-653E707D75FD}.Release|Any CPU.ActiveCfg = Release|Any CPU
		{D34F93CA-7645-42E0-B118-653E707D75FD}.Release|Any CPU.Build.0 = Release|Any CPU
		{491E2A53-07CF-4408-ABFD-2EE6960283D5}.Debug|Any CPU.ActiveCfg = Debug|Any CPU
		{491E2A53-07CF-4408-ABFD-2EE6960283D5}.Debug|Any CPU.Build.0 = Debug|Any CPU
		{491E2A53-07CF-4408-ABFD-2EE6960283D5}.Release|Any CPU.ActiveCfg = Release|Any CPU
		{491E2A53-07CF-4408-ABFD-2EE6960283D5}.Release|Any CPU.Build.0 = Release|Any CPU
	EndGlobalSection
	GlobalSection(SolutionProperties) = preSolution
		HideSolutionNode = FALSE
	EndGlobalSection
	GlobalSection(ExtensibilityGlobals) = postSolution
		SolutionGuid = {4B73AF6D-7C11-4F23-9B3C-435D9046C710}
	EndGlobalSection
EndGlobal
