
Microsoft Visual Studio Solution File, Format Version 12.00
# Visual Studio 15
VisualStudioVersion = 15.0.28307.421
MinimumVisualStudioVersion = 10.0.40219.1
Project("{FAE04EC0-301F-11D3-BF4B-00C04F79EFBC}") = "10._Poke_Mon", "10._Poke_Mon\10._Poke_Mon.csproj", "{7308FE8C-A856-4ED6-A898-41A0E32D889E}"
EndProject
Global
	GlobalSection(SolutionConfigurationPlatforms) = preSolution
		Debug|Any CPU = Debug|Any CPU
		Release|Any CPU = Release|Any CPU
	EndGlobalSection
	GlobalSection(ProjectConfigurationPlatforms) = postSolution
		{7308FE8C-A856-4ED6-A898-41A0E32D889E}.Debug|Any CPU.ActiveCfg = Debug|Any CPU
		{7308FE8C-A856-4ED6-A898-41A0E32D889E}.Debug|Any CPU.Build.0 = Debug|Any CPU
		{7308FE8C-A856-4ED6-A898-41A0E32D889E}.Release|Any CPU.ActiveCfg = Release|Any CPU
		{7308FE8C-A856-4ED6-A898-41A0E32D889E}.Release|Any CPU.Build.0 = Release|Any CPU
	EndGlobalSection
	GlobalSection(SolutionProperties) = preSolution
		HideSolutionNode = FALSE
	EndGlobalSection
	GlobalSection(ExtensibilityGlobals) = postSolution
		SolutionGuid = {8749F85F-A51B-4B1B-B86C-1DCA9FF19560}
	EndGlobalSection
EndGlobal
