
Microsoft Visual Studio Solution File, Format Version 12.00
# Visual Studio 15
VisualStudioVersion = 15.0.28307.421
MinimumVisualStudioVersion = 10.0.40219.1
Project("{9A19103F-16F7-4668-BE54-9A1E7A4F7556}") = "01. Day of Week", "01. Day of Week\01. Day of Week.csproj", "{EEF41CEA-48BE-4CCE-9649-276452DC57CC}"
EndProject
Project("{9A19103F-16F7-4668-BE54-9A1E7A4F7556}") = "02. Randomize Words", "02. Randomize Words\02. Randomize Words.csproj", "{E471827B-7096-4B1A-BBE0-009240483F6E}"
EndProject
Project("{9A19103F-16F7-4668-BE54-9A1E7A4F7556}") = "03. Big Factorial", "03. Big Factorial\03. Big Factorial.csproj", "{895DB512-718F-4FE5-BAF8-ED5D7E9E3C91}"
EndProject
Project("{9A19103F-16F7-4668-BE54-9A1E7A4F7556}") = "04. Songs", "04. Songs\04. Songs.csproj", "{9A941D75-A8AE-4617-9D8A-7D273B8D3001}"
EndProject
Project("{9A19103F-16F7-4668-BE54-9A1E7A4F7556}") = "05. Students", "05. Students\05. Students.csproj", "{968D7461-93BE-4D8F-BE1B-FA8ED03568BD}"
EndProject
Project("{FAE04EC0-301F-11D3-BF4B-00C04F79EFBC}") = "06. Students 2.0", "06. Students 2.0\06. Students 2.0.csproj", "{AE3C021E-178D-4779-BB7B-B106ABB5070B}"
EndProject
Project("{FAE04EC0-301F-11D3-BF4B-00C04F79EFBC}") = "07. Store Boxes", "07. Store Boxes\07. Store Boxes.csproj", "{A2E211DA-93FE-461A-9A72-330100B884FF}"
EndProject
Project("{FAE04EC0-301F-11D3-BF4B-00C04F79EFBC}") = "08. Vehicle Catalogue", "08. Vehicle Catalogue\08. Vehicle Catalogue.csproj", "{6454FDEC-1D2C-458C-9427-65DD8A74308C}"
EndProject
Global
	GlobalSection(SolutionConfigurationPlatforms) = preSolution
		Debug|Any CPU = Debug|Any CPU
		Release|Any CPU = Release|Any CPU
	EndGlobalSection
	GlobalSection(ProjectConfigurationPlatforms) = postSolution
		{EEF41CEA-48BE-4CCE-9649-276452DC57CC}.Debug|Any CPU.ActiveCfg = Debug|Any CPU
		{EEF41CEA-48BE-4CCE-9649-276452DC57CC}.Debug|Any CPU.Build.0 = Debug|Any CPU
		{EEF41CEA-48BE-4CCE-9649-276452DC57CC}.Release|Any CPU.ActiveCfg = Release|Any CPU
		{EEF41CEA-48BE-4CCE-9649-276452DC57CC}.Release|Any CPU.Build.0 = Release|Any CPU
		{E471827B-7096-4B1A-BBE0-009240483F6E}.Debug|Any CPU.ActiveCfg = Debug|Any CPU
		{E471827B-7096-4B1A-BBE0-009240483F6E}.Debug|Any CPU.Build.0 = Debug|Any CPU
		{E471827B-7096-4B1A-BBE0-009240483F6E}.Release|Any CPU.ActiveCfg = Release|Any CPU
		{E471827B-7096-4B1A-BBE0-009240483F6E}.Release|Any CPU.Build.0 = Release|Any CPU
		{895DB512-718F-4FE5-BAF8-ED5D7E9E3C91}.Debug|Any CPU.ActiveCfg = Debug|Any CPU
		{895DB512-718F-4FE5-BAF8-ED5D7E9E3C91}.Debug|Any CPU.Build.0 = Debug|Any CPU
		{895DB512-718F-4FE5-BAF8-ED5D7E9E3C91}.Release|Any CPU.ActiveCfg = Release|Any CPU
		{895DB512-718F-4FE5-BAF8-ED5D7E9E3C91}.Release|Any CPU.Build.0 = Release|Any CPU
		{9A941D75-A8AE-4617-9D8A-7D273B8D3001}.Debug|Any CPU.ActiveCfg = Debug|Any CPU
		{9A941D75-A8AE-4617-9D8A-7D273B8D3001}.Debug|Any CPU.Build.0 = Debug|Any CPU
		{9A941D75-A8AE-4617-9D8A-7D273B8D3001}.Release|Any CPU.ActiveCfg = Release|Any CPU
		{9A941D75-A8AE-4617-9D8A-7D273B8D3001}.Release|Any CPU.Build.0 = Release|Any CPU
		{968D7461-93BE-4D8F-BE1B-FA8ED03568BD}.Debug|Any CPU.ActiveCfg = Debug|Any CPU
		{968D7461-93BE-4D8F-BE1B-FA8ED03568BD}.Debug|Any CPU.Build.0 = Debug|Any CPU
		{968D7461-93BE-4D8F-BE1B-FA8ED03568BD}.Release|Any CPU.ActiveCfg = Release|Any CPU
		{968D7461-93BE-4D8F-BE1B-FA8ED03568BD}.Release|Any CPU.Build.0 = Release|Any CPU
		{AE3C021E-178D-4779-BB7B-B106ABB5070B}.Debug|Any CPU.ActiveCfg = Debug|Any CPU
		{AE3C021E-178D-4779-BB7B-B106ABB5070B}.Debug|Any CPU.Build.0 = Debug|Any CPU
		{AE3C021E-178D-4779-BB7B-B106ABB5070B}.Release|Any CPU.ActiveCfg = Release|Any CPU
		{AE3C021E-178D-4779-BB7B-B106ABB5070B}.Release|Any CPU.Build.0 = Release|Any CPU
		{A2E211DA-93FE-461A-9A72-330100B884FF}.Debug|Any CPU.ActiveCfg = Debug|Any CPU
		{A2E211DA-93FE-461A-9A72-330100B884FF}.Debug|Any CPU.Build.0 = Debug|Any CPU
		{A2E211DA-93FE-461A-9A72-330100B884FF}.Release|Any CPU.ActiveCfg = Release|Any CPU
		{A2E211DA-93FE-461A-9A72-330100B884FF}.Release|Any CPU.Build.0 = Release|Any CPU
		{6454FDEC-1D2C-458C-9427-65DD8A74308C}.Debug|Any CPU.ActiveCfg = Debug|Any CPU
		{6454FDEC-1D2C-458C-9427-65DD8A74308C}.Debug|Any CPU.Build.0 = Debug|Any CPU
		{6454FDEC-1D2C-458C-9427-65DD8A74308C}.Release|Any CPU.ActiveCfg = Release|Any CPU
		{6454FDEC-1D2C-458C-9427-65DD8A74308C}.Release|Any CPU.Build.0 = Release|Any CPU
	EndGlobalSection
	GlobalSection(SolutionProperties) = preSolution
		HideSolutionNode = FALSE
	EndGlobalSection
	GlobalSection(ExtensibilityGlobals) = postSolution
		SolutionGuid = {5AACF7D4-B2BB-4CED-BB2B-2E24C560C650}
	EndGlobalSection
EndGlobal
