
Microsoft Visual Studio Solution File, Format Version 12.00
# Visual Studio 15
VisualStudioVersion = 15.0.28307.421
MinimumVisualStudioVersion = 10.0.40219.1
Project("{FAE04EC0-301F-11D3-BF4B-00C04F79EFBC}") = "01. The Hunting Games", "01. The Hunting Games\01. The Hunting Games.csproj", "{E6C47E6A-6E26-4667-8C59-F4ADF618B1FE}"
EndProject
Project("{FAE04EC0-301F-11D3-BF4B-00C04F79EFBC}") = "03. The Final Quest", "03. The Final Quest\03. The Final Quest.csproj", "{3F49094C-FA83-45FD-87D6-80EE5EE3164E}"
EndProject
Project("{FAE04EC0-301F-11D3-BF4B-00C04F79EFBC}") = "02. Seize the Fire", "02. Seize the Fire\02. Seize the Fire.csproj", "{4EE03312-5003-487B-824F-1D6183250267}"
EndProject
Global
	GlobalSection(SolutionConfigurationPlatforms) = preSolution
		Debug|Any CPU = Debug|Any CPU
		Release|Any CPU = Release|Any CPU
	EndGlobalSection
	GlobalSection(ProjectConfigurationPlatforms) = postSolution
		{E6C47E6A-6E26-4667-8C59-F4ADF618B1FE}.Debug|Any CPU.ActiveCfg = Debug|Any CPU
		{E6C47E6A-6E26-4667-8C59-F4ADF618B1FE}.Debug|Any CPU.Build.0 = Debug|Any CPU
		{E6C47E6A-6E26-4667-8C59-F4ADF618B1FE}.Release|Any CPU.ActiveCfg = Release|Any CPU
		{E6C47E6A-6E26-4667-8C59-F4ADF618B1FE}.Release|Any CPU.Build.0 = Release|Any CPU
		{3F49094C-FA83-45FD-87D6-80EE5EE3164E}.Debug|Any CPU.ActiveCfg = Debug|Any CPU
		{3F49094C-FA83-45FD-87D6-80EE5EE3164E}.Debug|Any CPU.Build.0 = Debug|Any CPU
		{3F49094C-FA83-45FD-87D6-80EE5EE3164E}.Release|Any CPU.ActiveCfg = Release|Any CPU
		{3F49094C-FA83-45FD-87D6-80EE5EE3164E}.Release|Any CPU.Build.0 = Release|Any CPU
		{4EE03312-5003-487B-824F-1D6183250267}.Debug|Any CPU.ActiveCfg = Debug|Any CPU
		{4EE03312-5003-487B-824F-1D6183250267}.Debug|Any CPU.Build.0 = Debug|Any CPU
		{4EE03312-5003-487B-824F-1D6183250267}.Release|Any CPU.ActiveCfg = Release|Any CPU
		{4EE03312-5003-487B-824F-1D6183250267}.Release|Any CPU.Build.0 = Release|Any CPU
	EndGlobalSection
	GlobalSection(SolutionProperties) = preSolution
		HideSolutionNode = FALSE
	EndGlobalSection
	GlobalSection(ExtensibilityGlobals) = postSolution
		SolutionGuid = {046818D4-EFBD-4C32-9AB4-DFBB9FCAC234}
	EndGlobalSection
EndGlobal
