
Microsoft Visual Studio Solution File, Format Version 12.00
# Visual Studio 15
VisualStudioVersion = 15.0.28307.421
MinimumVisualStudioVersion = 10.0.40219.1
Project("{FAE04EC0-301F-11D3-BF4B-00C04F79EFBC}") = "08. Triangle of Numbers", "08. Triangle of Numbers\08. Triangle of Numbers.csproj", "{647E4A5A-9741-4037-8203-8EA4C9804349}"
EndProject
Global
	GlobalSection(SolutionConfigurationPlatforms) = preSolution
		Debug|Any CPU = Debug|Any CPU
		Release|Any CPU = Release|Any CPU
	EndGlobalSection
	GlobalSection(ProjectConfigurationPlatforms) = postSolution
		{647E4A5A-9741-4037-8203-8EA4C9804349}.Debug|Any CPU.ActiveCfg = Debug|Any CPU
		{647E4A5A-9741-4037-8203-8EA4C9804349}.Debug|Any CPU.Build.0 = Debug|Any CPU
		{647E4A5A-9741-4037-8203-8EA4C9804349}.Release|Any CPU.ActiveCfg = Release|Any CPU
		{647E4A5A-9741-4037-8203-8EA4C9804349}.Release|Any CPU.Build.0 = Release|Any CPU
	EndGlobalSection
	GlobalSection(SolutionProperties) = preSolution
		HideSolutionNode = FALSE
	EndGlobalSection
	GlobalSection(ExtensibilityGlobals) = postSolution
		SolutionGuid = {E70B57DC-6452-4C66-AE24-ED9FB1C3AB9B}
	EndGlobalSection
EndGlobal
