
Microsoft Visual Studio Solution File, Format Version 12.00
# Visual Studio 15
VisualStudioVersion = 15.0.28307.421
MinimumVisualStudioVersion = 10.0.40219.1
Project("{FAE04EC0-301F-11D3-BF4B-00C04F79EFBC}") = "01. Ages", "01. Ages\01. Ages.csproj", "{5338CA17-4DB3-4E3D-9435-2011057D5777}"
EndProject
Global
	GlobalSection(SolutionConfigurationPlatforms) = preSolution
		Debug|Any CPU = Debug|Any CPU
		Release|Any CPU = Release|Any CPU
	EndGlobalSection
	GlobalSection(ProjectConfigurationPlatforms) = postSolution
		{5338CA17-4DB3-4E3D-9435-2011057D5777}.Debug|Any CPU.ActiveCfg = Debug|Any CPU
		{5338CA17-4DB3-4E3D-9435-2011057D5777}.Debug|Any CPU.Build.0 = Debug|Any CPU
		{5338CA17-4DB3-4E3D-9435-2011057D5777}.Release|Any CPU.ActiveCfg = Release|Any CPU
		{5338CA17-4DB3-4E3D-9435-2011057D5777}.Release|Any CPU.Build.0 = Release|Any CPU
	EndGlobalSection
	GlobalSection(SolutionProperties) = preSolution
		HideSolutionNode = FALSE
	EndGlobalSection
	GlobalSection(ExtensibilityGlobals) = postSolution
		SolutionGuid = {4F584DA7-7846-4A3E-815F-8136D9BDF032}
	EndGlobalSection
EndGlobal
