
Microsoft Visual Studio Solution File, Format Version 12.00
# Visual Studio 15
VisualStudioVersion = 15.0.28307.421
MinimumVisualStudioVersion = 10.0.40219.1
Project("{FAE04EC0-301F-11D3-BF4B-00C04F79EFBC}") = "09. Sum of Odd Numbers", "09. Sum of Odd Numbers\09. Sum of Odd Numbers.csproj", "{F0755861-4ED8-47E7-9523-BA2DAEA0A468}"
EndProject
Global
	GlobalSection(SolutionConfigurationPlatforms) = preSolution
		Debug|Any CPU = Debug|Any CPU
		Release|Any CPU = Release|Any CPU
	EndGlobalSection
	GlobalSection(ProjectConfigurationPlatforms) = postSolution
		{F0755861-4ED8-47E7-9523-BA2DAEA0A468}.Debug|Any CPU.ActiveCfg = Debug|Any CPU
		{F0755861-4ED8-47E7-9523-BA2DAEA0A468}.Debug|Any CPU.Build.0 = Debug|Any CPU
		{F0755861-4ED8-47E7-9523-BA2DAEA0A468}.Release|Any CPU.ActiveCfg = Release|Any CPU
		{F0755861-4ED8-47E7-9523-BA2DAEA0A468}.Release|Any CPU.Build.0 = Release|Any CPU
	EndGlobalSection
	GlobalSection(SolutionProperties) = preSolution
		HideSolutionNode = FALSE
	EndGlobalSection
	GlobalSection(ExtensibilityGlobals) = postSolution
		SolutionGuid = {93F7DCF8-69C3-4066-85F2-6EBE53C61630}
	EndGlobalSection
EndGlobal
