
Microsoft Visual Studio Solution File, Format Version 12.00
# Visual Studio 15
VisualStudioVersion = 15.0.28307.421
MinimumVisualStudioVersion = 10.0.40219.1
Project("{FAE04EC0-301F-11D3-BF4B-00C04F79EFBC}") = "07. Theatre Promotion", "07. Theatre Promotion\07. Theatre Promotion.csproj", "{24F18C44-3557-4B70-B3A6-6FA30734EE11}"
EndProject
Global
	GlobalSection(SolutionConfigurationPlatforms) = preSolution
		Debug|Any CPU = Debug|Any CPU
		Release|Any CPU = Release|Any CPU
	EndGlobalSection
	GlobalSection(ProjectConfigurationPlatforms) = postSolution
		{24F18C44-3557-4B70-B3A6-6FA30734EE11}.Debug|Any CPU.ActiveCfg = Debug|Any CPU
		{24F18C44-3557-4B70-B3A6-6FA30734EE11}.Debug|Any CPU.Build.0 = Debug|Any CPU
		{24F18C44-3557-4B70-B3A6-6FA30734EE11}.Release|Any CPU.ActiveCfg = Release|Any CPU
		{24F18C44-3557-4B70-B3A6-6FA30734EE11}.Release|Any CPU.Build.0 = Release|Any CPU
	EndGlobalSection
	GlobalSection(SolutionProperties) = preSolution
		HideSolutionNode = FALSE
	EndGlobalSection
	GlobalSection(ExtensibilityGlobals) = postSolution
		SolutionGuid = {3BA66931-F7E8-4AA6-87F3-279815F0F4BE}
	EndGlobalSection
EndGlobal
