
Microsoft Visual Studio Solution File, Format Version 12.00
# Visual Studio 15
VisualStudioVersion = 15.0.28307.421
MinimumVisualStudioVersion = 10.0.40219.1
Project("{FAE04EC0-301F-11D3-BF4B-00C04F79EFBC}") = "11._Snowballs", "11._Snowballs\11._Snowballs.csproj", "{34D0A8B9-7F3F-48C7-9986-CB7E48C65F2A}"
EndProject
Global
	GlobalSection(SolutionConfigurationPlatforms) = preSolution
		Debug|Any CPU = Debug|Any CPU
		Release|Any CPU = Release|Any CPU
	EndGlobalSection
	GlobalSection(ProjectConfigurationPlatforms) = postSolution
		{34D0A8B9-7F3F-48C7-9986-CB7E48C65F2A}.Debug|Any CPU.ActiveCfg = Debug|Any CPU
		{34D0A8B9-7F3F-48C7-9986-CB7E48C65F2A}.Debug|Any CPU.Build.0 = Debug|Any CPU
		{34D0A8B9-7F3F-48C7-9986-CB7E48C65F2A}.Release|Any CPU.ActiveCfg = Release|Any CPU
		{34D0A8B9-7F3F-48C7-9986-CB7E48C65F2A}.Release|Any CPU.Build.0 = Release|Any CPU
	EndGlobalSection
	GlobalSection(SolutionProperties) = preSolution
		HideSolutionNode = FALSE
	EndGlobalSection
	GlobalSection(ExtensibilityGlobals) = postSolution
		SolutionGuid = {72285D9C-BE39-4037-B664-9D2D93826602}
	EndGlobalSection
EndGlobal
