
Microsoft Visual Studio Solution File, Format Version 12.00
# Visual Studio 15
VisualStudioVersion = 15.0.28307.421
MinimumVisualStudioVersion = 10.0.40219.1
Project("{FAE04EC0-301F-11D3-BF4B-00C04F79EFBC}") = "01. Convert Meters to Kilometers", "01. Convert Meters to Kilometers\01. Convert Meters to Kilometers.csproj", "{47CDBB81-B286-4516-9C91-5803B0338C92}"
EndProject
Global
	GlobalSection(SolutionConfigurationPlatforms) = preSolution
		Debug|Any CPU = Debug|Any CPU
		Release|Any CPU = Release|Any CPU
	EndGlobalSection
	GlobalSection(ProjectConfigurationPlatforms) = postSolution
		{47CDBB81-B286-4516-9C91-5803B0338C92}.Debug|Any CPU.ActiveCfg = Debug|Any CPU
		{47CDBB81-B286-4516-9C91-5803B0338C92}.Debug|Any CPU.Build.0 = Debug|Any CPU
		{47CDBB81-B286-4516-9C91-5803B0338C92}.Release|Any CPU.ActiveCfg = Release|Any CPU
		{47CDBB81-B286-4516-9C91-5803B0338C92}.Release|Any CPU.Build.0 = Release|Any CPU
	EndGlobalSection
	GlobalSection(SolutionProperties) = preSolution
		HideSolutionNode = FALSE
	EndGlobalSection
	GlobalSection(ExtensibilityGlobals) = postSolution
		SolutionGuid = {DFC822C1-4956-43DC-9191-0283B806525F}
	EndGlobalSection
EndGlobal
