
Microsoft Visual Studio Solution File, Format Version 12.00
# Visual Studio 15
VisualStudioVersion = 15.0.28307.421
MinimumVisualStudioVersion = 10.0.40219.1
Project("{FAE04EC0-301F-11D3-BF4B-00C04F79EFBC}") = "08. Divisible by 3", "08. Divisible by 3\08. Divisible by 3.csproj", "{92E5DAA2-EB4C-4AAD-BAE6-C5AB5A581851}"
EndProject
Global
	GlobalSection(SolutionConfigurationPlatforms) = preSolution
		Debug|Any CPU = Debug|Any CPU
		Release|Any CPU = Release|Any CPU
	EndGlobalSection
	GlobalSection(ProjectConfigurationPlatforms) = postSolution
		{92E5DAA2-EB4C-4AAD-BAE6-C5AB5A581851}.Debug|Any CPU.ActiveCfg = Debug|Any CPU
		{92E5DAA2-EB4C-4AAD-BAE6-C5AB5A581851}.Debug|Any CPU.Build.0 = Debug|Any CPU
		{92E5DAA2-EB4C-4AAD-BAE6-C5AB5A581851}.Release|Any CPU.ActiveCfg = Release|Any CPU
		{92E5DAA2-EB4C-4AAD-BAE6-C5AB5A581851}.Release|Any CPU.Build.0 = Release|Any CPU
	EndGlobalSection
	GlobalSection(SolutionProperties) = preSolution
		HideSolutionNode = FALSE
	EndGlobalSection
	GlobalSection(ExtensibilityGlobals) = postSolution
		SolutionGuid = {95DB1845-9177-495C-883C-0E1CCF89DFFA}
	EndGlobalSection
EndGlobal
