
Microsoft Visual Studio Solution File, Format Version 12.00
# Visual Studio 15
VisualStudioVersion = 15.0.28307.421
MinimumVisualStudioVersion = 10.0.40219.1
Project("{9A19103F-16F7-4668-BE54-9A1E7A4F7556}") = "1. Implement the CustomList class", "1. Implement the CustomList class\1. Implement the CustomList class.csproj", "{D2F0F2A9-6DE5-48FC-8518-D01CD09337E0}"
EndProject
Global
	GlobalSection(SolutionConfigurationPlatforms) = preSolution
		Debug|Any CPU = Debug|Any CPU
		Release|Any CPU = Release|Any CPU
	EndGlobalSection
	GlobalSection(ProjectConfigurationPlatforms) = postSolution
		{D2F0F2A9-6DE5-48FC-8518-D01CD09337E0}.Debug|Any CPU.ActiveCfg = Debug|Any CPU
		{D2F0F2A9-6DE5-48FC-8518-D01CD09337E0}.Debug|Any CPU.Build.0 = Debug|Any CPU
		{D2F0F2A9-6DE5-48FC-8518-D01CD09337E0}.Release|Any CPU.ActiveCfg = Release|Any CPU
		{D2F0F2A9-6DE5-48FC-8518-D01CD09337E0}.Release|Any CPU.Build.0 = Release|Any CPU
	EndGlobalSection
	GlobalSection(SolutionProperties) = preSolution
		HideSolutionNode = FALSE
	EndGlobalSection
	GlobalSection(ExtensibilityGlobals) = postSolution
		SolutionGuid = {22BCC69F-E2E0-49BC-8573-CFE7E02A02C0}
	EndGlobalSection
EndGlobal
