
Microsoft Visual Studio Solution File, Format Version 12.00
# Visual Studio 15
VisualStudioVersion = 15.0.28307.421
MinimumVisualStudioVersion = 10.0.40219.1
Project("{FAE04EC0-301F-11D3-BF4B-00C04F79EFBC}") = "Socks", "Socks\Socks.csproj", "{8443BB18-8973-45B6-BCA4-94968DF83580}"
EndProject
Project("{FAE04EC0-301F-11D3-BF4B-00C04F79EFBC}") = "Excel Functions", "Excel Functions\Excel Functions.csproj", "{4C319AF4-9496-4875-8304-9A59A27601A5}"
EndProject
Global
	GlobalSection(SolutionConfigurationPlatforms) = preSolution
		Debug|Any CPU = Debug|Any CPU
		Release|Any CPU = Release|Any CPU
	EndGlobalSection
	GlobalSection(ProjectConfigurationPlatforms) = postSolution
		{8443BB18-8973-45B6-BCA4-94968DF83580}.Debug|Any CPU.ActiveCfg = Debug|Any CPU
		{8443BB18-8973-45B6-BCA4-94968DF83580}.Debug|Any CPU.Build.0 = Debug|Any CPU
		{8443BB18-8973-45B6-BCA4-94968DF83580}.Release|Any CPU.ActiveCfg = Release|Any CPU
		{8443BB18-8973-45B6-BCA4-94968DF83580}.Release|Any CPU.Build.0 = Release|Any CPU
		{4C319AF4-9496-4875-8304-9A59A27601A5}.Debug|Any CPU.ActiveCfg = Debug|Any CPU
		{4C319AF4-9496-4875-8304-9A59A27601A5}.Debug|Any CPU.Build.0 = Debug|Any CPU
		{4C319AF4-9496-4875-8304-9A59A27601A5}.Release|Any CPU.ActiveCfg = Release|Any CPU
		{4C319AF4-9496-4875-8304-9A59A27601A5}.Release|Any CPU.Build.0 = Release|Any CPU
	EndGlobalSection
	GlobalSection(SolutionProperties) = preSolution
		HideSolutionNode = FALSE
	EndGlobalSection
	GlobalSection(ExtensibilityGlobals) = postSolution
		SolutionGuid = {48DA19E9-BF6B-467A-9CCA-2B6E3C4321D0}
	EndGlobalSection
EndGlobal
