
Microsoft Visual Studio Solution File, Format Version 12.00
# Visual Studio 15
VisualStudioVersion = 15.0.28307.421
MinimumVisualStudioVersion = 10.0.40219.1
Project("{9A19103F-16F7-4668-BE54-9A1E7A4F7556}") = "01. Poke Mon", "01. Poke Mon\01. Poke Mon.csproj", "{F861A8D3-EE7A-47C2-A68E-DFB06E1E4AD6}"
EndProject
Project("{9A19103F-16F7-4668-BE54-9A1E7A4F7556}") = "02. Pokemon Don't Go", "02. Pokemon Don't Go\02. Pokemon Don't Go.csproj", "{21213FC7-EFCD-42A9-B33C-9E92FE5933AA}"
EndProject
Project("{FAE04EC0-301F-11D3-BF4B-00C04F79EFBC}") = "03. Regexmon", "03. Regexmon\03. Regexmon.csproj", "{11F2ED73-5BB7-4F92-8E95-CA38F7BD3BDD}"
EndProject
Project("{FAE04EC0-301F-11D3-BF4B-00C04F79EFBC}") = "04. Pokemon Evolution", "04. Pokemon Evolution\04. Pokemon Evolution.csproj", "{11939293-B708-4BED-9956-0F039E19A017}"
EndProject
Global
	GlobalSection(SolutionConfigurationPlatforms) = preSolution
		Debug|Any CPU = Debug|Any CPU
		Release|Any CPU = Release|Any CPU
	EndGlobalSection
	GlobalSection(ProjectConfigurationPlatforms) = postSolution
		{F861A8D3-EE7A-47C2-A68E-DFB06E1E4AD6}.Debug|Any CPU.ActiveCfg = Debug|Any CPU
		{F861A8D3-EE7A-47C2-A68E-DFB06E1E4AD6}.Debug|Any CPU.Build.0 = Debug|Any CPU
		{F861A8D3-EE7A-47C2-A68E-DFB06E1E4AD6}.Release|Any CPU.ActiveCfg = Release|Any CPU
		{F861A8D3-EE7A-47C2-A68E-DFB06E1E4AD6}.Release|Any CPU.Build.0 = Release|Any CPU
		{21213FC7-EFCD-42A9-B33C-9E92FE5933AA}.Debug|Any CPU.ActiveCfg = Debug|Any CPU
		{21213FC7-EFCD-42A9-B33C-9E92FE5933AA}.Debug|Any CPU.Build.0 = Debug|Any CPU
		{21213FC7-EFCD-42A9-B33C-9E92FE5933AA}.Release|Any CPU.ActiveCfg = Release|Any CPU
		{21213FC7-EFCD-42A9-B33C-9E92FE5933AA}.Release|Any CPU.Build.0 = Release|Any CPU
		{11F2ED73-5BB7-4F92-8E95-CA38F7BD3BDD}.Debug|Any CPU.ActiveCfg = Debug|Any CPU
		{11F2ED73-5BB7-4F92-8E95-CA38F7BD3BDD}.Debug|Any CPU.Build.0 = Debug|Any CPU
		{11F2ED73-5BB7-4F92-8E95-CA38F7BD3BDD}.Release|Any CPU.ActiveCfg = Release|Any CPU
		{11F2ED73-5BB7-4F92-8E95-CA38F7BD3BDD}.Release|Any CPU.Build.0 = Release|Any CPU
		{11939293-B708-4BED-9956-0F039E19A017}.Debug|Any CPU.ActiveCfg = Debug|Any CPU
		{11939293-B708-4BED-9956-0F039E19A017}.Debug|Any CPU.Build.0 = Debug|Any CPU
		{11939293-B708-4BED-9956-0F039E19A017}.Release|Any CPU.ActiveCfg = Release|Any CPU
		{11939293-B708-4BED-9956-0F039E19A017}.Release|Any CPU.Build.0 = Release|Any CPU
	EndGlobalSection
	GlobalSection(SolutionProperties) = preSolution
		HideSolutionNode = FALSE
	EndGlobalSection
	GlobalSection(ExtensibilityGlobals) = postSolution
		SolutionGuid = {A74D75E3-A767-4CFE-9E81-798263C10933}
	EndGlobalSection
EndGlobal
